{
  "name": "slidy",
  "version": "0.0.1",
  "lockfileVersion": 3,
  "requires": true,
  "packages": {
    "": {
      "name": "slidy",
      "version": "0.0.1",
      "license": "GPL-3.0",
      "dependencies": {
        "sql.js": "^1.9.0"
      },
      "devDependencies": {
        "@types/sql.js": "^1.4.9",
        "typescript": "^5.3.3",
        "undici-types": "^6.3.0"
      }
    },
    "node_modules/@types/emscripten": {
      "version": "1.39.10",
      "resolved": "https://registry.npmjs.org/@types/emscripten/-/emscripten-1.39.10.tgz",
      "integrity": "sha512-TB/6hBkYQJxsZHSqyeuO1Jt0AB/bW6G7rHt9g7lML7SOF6lbgcHvw/Lr+69iqN0qxgXLhWKScAon73JNnptuDw==",
      "dev": true
    },
    "node_modules/@types/node": {
      "version": "20.10.7",
      "resolved": "https://registry.npmjs.org/@types/node/-/node-20.10.7.tgz",
      "integrity": "sha512-fRbIKb8C/Y2lXxB5eVMj4IU7xpdox0Lh8bUPEdtLysaylsml1hOOx1+STloRs/B9nf7C6kPRmmg/V7aQW7usNg==",
      "dev": true,
      "dependencies": {
        "undici-types": "~5.26.4"
      }
    },
    "node_modules/@types/node/node_modules/undici-types": {
      "version": "5.26.5",
      "resolved": "https://registry.npmjs.org/undici-types/-/undici-types-5.26.5.tgz",
      "integrity": "sha512-JlCMO+ehdEIKqlFxk6IfVoAUVmgz7cU7zD/h9XZ0qzeosSHmUJVOzSQvvYSYWXkFXC+IfLKSIffhv0sVZup6pA==",
      "dev": true
    },
    "node_modules/@types/sql.js": {
      "version": "1.4.9",
      "resolved": "https://registry.npmjs.org/@types/sql.js/-/sql.js-1.4.9.tgz",
      "integrity": "sha512-ep8b36RKHlgWPqjNG9ToUrPiwkhwh0AEzy883mO5Xnd+cL6VBH1EvSjBAAuxLUFF2Vn/moE3Me6v9E1Lo+48GQ==",
      "dev": true,
      "dependencies": {
        "@types/emscripten": "*",
        "@types/node": "*"
      }
    },
    "node_modules/sql.js": {
      "version": "1.9.0",
      "resolved": "https://registry.npmjs.org/sql.js/-/sql.js-1.9.0.tgz",
      "integrity": "sha512-+QMN8NU5KJxofT+lEaSLYdhh+Pdq7ZYS6X5bSbpmD+4SKFf+qBmr+coKT07LZ+keUNh1sf3Nz9dQwD8WNI2i/Q=="
    },
    "node_modules/typescript": {
      "version": "5.3.3",
      "resolved": "https://registry.npmjs.org/typescript/-/typescript-5.3.3.tgz",
      "integrity": "sha512-pXWcraxM0uxAS+tN0AG/BF2TyqmHO014Z070UsJ+pFvYuRSq8KH8DmWpnbXe0pEPDHXZV3FcAbJkijJ5oNEnWw==",
      "dev": true,
      "bin": {
        "tsc": "bin/tsc",
        "tsserver": "bin/tsserver"
      },
      "engines": {
        "node": ">=14.17"
      }
    },
    "node_modules/undici-types": {
      "version": "6.3.0",
      "resolved": "https://registry.npmjs.org/undici-types/-/undici-types-6.3.0.tgz",
      "integrity": "sha512-LwelOasW+A7zT4t0EmBtD2x1UGNgQvLgrT/Sqkjf45uY2d2jv7Y9vZkXNnU2hJFIYrQrSSzIrHVTlANOOy/qkg==",
      "dev": true
    }
  }
}
